
Microsoft Visual Studio Solution File, Format Version 12.00
# Visual Studio Version 17
VisualStudioVersion = 17.3.32819.101
MinimumVisualStudioVersion = 10.0.40219.1
Project("{9A19103F-16F7-4668-BE54-9A1E7A4F7556}") = "CodeWars Task 1", "CodeWars Task 1\CodeWars Task 1.csproj", "{BD4D8501-88B2-4201-8A53-DF1ECAA813AB}"
EndProject
Project("{9A19103F-16F7-4668-BE54-9A1E7A4F7556}") = "CodeWars Task 2", "CodeWars Task 2\CodeWars Task 2.csproj", "{CD7B9660-5CB7-4DCF-B257-5477AF98E052}"
EndProject
Project("{FAE04EC0-301F-11D3-BF4B-00C04F79EFBC}") = "CodeWars Task 3", "CodeWars Task 3\CodeWars Task 3.csproj", "{39B9DFD1-589C-41D9-82F2-A8139C7689A4}"
EndProject
Global
	GlobalSection(SolutionConfigurationPlatforms) = preSolution
		Debug|Any CPU = Debug|Any CPU
		Release|Any CPU = Release|Any CPU
	EndGlobalSection
	GlobalSection(ProjectConfigurationPlatforms) = postSolution
		{BD4D8501-88B2-4201-8A53-DF1ECAA813AB}.Debug|Any CPU.ActiveCfg = Debug|Any CPU
		{BD4D8501-88B2-4201-8A53-DF1ECAA813AB}.Debug|Any CPU.Build.0 = Debug|Any CPU
		{BD4D8501-88B2-4201-8A53-DF1ECAA813AB}.Release|Any CPU.ActiveCfg = Release|Any CPU
		{BD4D8501-88B2-4201-8A53-DF1ECAA813AB}.Release|Any CPU.Build.0 = Release|Any CPU
		{CD7B9660-5CB7-4DCF-B257-5477AF98E052}.Debug|Any CPU.ActiveCfg = Debug|Any CPU
		{CD7B9660-5CB7-4DCF-B257-5477AF98E052}.Debug|Any CPU.Build.0 = Debug|Any CPU
		{CD7B9660-5CB7-4DCF-B257-5477AF98E052}.Release|Any CPU.ActiveCfg = Release|Any CPU
		{CD7B9660-5CB7-4DCF-B257-5477AF98E052}.Release|Any CPU.Build.0 = Release|Any CPU
		{39B9DFD1-589C-41D9-82F2-A8139C7689A4}.Debug|Any CPU.ActiveCfg = Debug|Any CPU
		{39B9DFD1-589C-41D9-82F2-A8139C7689A4}.Debug|Any CPU.Build.0 = Debug|Any CPU
		{39B9DFD1-589C-41D9-82F2-A8139C7689A4}.Release|Any CPU.ActiveCfg = Release|Any CPU
		{39B9DFD1-589C-41D9-82F2-A8139C7689A4}.Release|Any CPU.Build.0 = Release|Any CPU
	EndGlobalSection
	GlobalSection(SolutionProperties) = preSolution
		HideSolutionNode = FALSE
	EndGlobalSection
	GlobalSection(ExtensibilityGlobals) = postSolution
		SolutionGuid = {A087FF0B-2C19-404F-ADF1-FD5877E2921F}
	EndGlobalSection
EndGlobal
