
Microsoft Visual Studio Solution File, Format Version 12.00
# Visual Studio Version 17
VisualStudioVersion = 17.0.31903.59
MinimumVisualStudioVersion = 10.0.40219.1
Project("{FAE04EC0-301F-11D3-BF4B-00C04F79EFBC}") = "File Processor Library", "File Processor Library\File Processor Library.csproj", "{EB0FDFB0-5D55-4F80-A7E7-3E4489F722EC}"
EndProject
Project("{FAE04EC0-301F-11D3-BF4B-00C04F79EFBC}") = "File Processor Program", "File Processor Program\File Processor Program.csproj", "{C8C8E93F-1540-44AD-A7AD-A34FCE5B7DBA}"
EndProject
Global
	GlobalSection(SolutionConfigurationPlatforms) = preSolution
		Debug|Any CPU = Debug|Any CPU
		Debug|x64 = Debug|x64
		Debug|x86 = Debug|x86
		Release|Any CPU = Release|Any CPU
		Release|x64 = Release|x64
		Release|x86 = Release|x86
	EndGlobalSection
	GlobalSection(ProjectConfigurationPlatforms) = postSolution
		{EB0FDFB0-5D55-4F80-A7E7-3E4489F722EC}.Debug|Any CPU.ActiveCfg = Debug|Any CPU
		{EB0FDFB0-5D55-4F80-A7E7-3E4489F722EC}.Debug|Any CPU.Build.0 = Debug|Any CPU
		{EB0FDFB0-5D55-4F80-A7E7-3E4489F722EC}.Debug|x64.ActiveCfg = Debug|Any CPU
		{EB0FDFB0-5D55-4F80-A7E7-3E4489F722EC}.Debug|x64.Build.0 = Debug|Any CPU
		{EB0FDFB0-5D55-4F80-A7E7-3E4489F722EC}.Debug|x86.ActiveCfg = Debug|Any CPU
		{EB0FDFB0-5D55-4F80-A7E7-3E4489F722EC}.Debug|x86.Build.0 = Debug|Any CPU
		{EB0FDFB0-5D55-4F80-A7E7-3E4489F722EC}.Release|Any CPU.ActiveCfg = Release|Any CPU
		{EB0FDFB0-5D55-4F80-A7E7-3E4489F722EC}.Release|Any CPU.Build.0 = Release|Any CPU
		{EB0FDFB0-5D55-4F80-A7E7-3E4489F722EC}.Release|x64.ActiveCfg = Release|Any CPU
		{EB0FDFB0-5D55-4F80-A7E7-3E4489F722EC}.Release|x64.Build.0 = Release|Any CPU
		{EB0FDFB0-5D55-4F80-A7E7-3E4489F722EC}.Release|x86.ActiveCfg = Release|Any CPU
		{EB0FDFB0-5D55-4F80-A7E7-3E4489F722EC}.Release|x86.Build.0 = Release|Any CPU
		{C8C8E93F-1540-44AD-A7AD-A34FCE5B7DBA}.Debug|Any CPU.ActiveCfg = Debug|Any CPU
		{C8C8E93F-1540-44AD-A7AD-A34FCE5B7DBA}.Debug|Any CPU.Build.0 = Debug|Any CPU
		{C8C8E93F-1540-44AD-A7AD-A34FCE5B7DBA}.Debug|x64.ActiveCfg = Debug|Any CPU
		{C8C8E93F-1540-44AD-A7AD-A34FCE5B7DBA}.Debug|x64.Build.0 = Debug|Any CPU
		{C8C8E93F-1540-44AD-A7AD-A34FCE5B7DBA}.Debug|x86.ActiveCfg = Debug|Any CPU
		{C8C8E93F-1540-44AD-A7AD-A34FCE5B7DBA}.Debug|x86.Build.0 = Debug|Any CPU
		{C8C8E93F-1540-44AD-A7AD-A34FCE5B7DBA}.Release|Any CPU.ActiveCfg = Release|Any CPU
		{C8C8E93F-1540-44AD-A7AD-A34FCE5B7DBA}.Release|Any CPU.Build.0 = Release|Any CPU
		{C8C8E93F-1540-44AD-A7AD-A34FCE5B7DBA}.Release|x64.ActiveCfg = Release|Any CPU
		{C8C8E93F-1540-44AD-A7AD-A34FCE5B7DBA}.Release|x64.Build.0 = Release|Any CPU
		{C8C8E93F-1540-44AD-A7AD-A34FCE5B7DBA}.Release|x86.ActiveCfg = Release|Any CPU
		{C8C8E93F-1540-44AD-A7AD-A34FCE5B7DBA}.Release|x86.Build.0 = Release|Any CPU
	EndGlobalSection
	GlobalSection(SolutionProperties) = preSolution
		HideSolutionNode = FALSE
	EndGlobalSection
EndGlobal
