
Microsoft Visual Studio Solution File, Format Version 12.00
# Visual Studio Version 17
VisualStudioVersion = 17.7.34009.444
MinimumVisualStudioVersion = 10.0.40219.1
Project("{FAE04EC0-301F-11D3-BF4B-00C04F79EFBC}") = "Brackets Analysis Program", "Brackets Analysis Program\Brackets Analysis Program.csproj", "{6EB5DF87-88B4-4E75-B251-3DB7A6C87593}"
EndProject
Project("{FAE04EC0-301F-11D3-BF4B-00C04F79EFBC}") = "Analizer Library", "Analizer Library\Analizer Library.csproj", "{4C1D7A22-DB2A-4AC7-9FD7-D45181421CEC}"
EndProject
Project("{FAE04EC0-301F-11D3-BF4B-00C04F79EFBC}") = "Analizer Library Test", "Analizer Library Test\Analizer Library Test.csproj", "{29D9EE30-1D48-442F-9DB5-FFD8A6CD573A}"
EndProject
Global
	GlobalSection(SolutionConfigurationPlatforms) = preSolution
		Debug|Any CPU = Debug|Any CPU
		Release|Any CPU = Release|Any CPU
	EndGlobalSection
	GlobalSection(ProjectConfigurationPlatforms) = postSolution
		{6EB5DF87-88B4-4E75-B251-3DB7A6C87593}.Debug|Any CPU.ActiveCfg = Debug|Any CPU
		{6EB5DF87-88B4-4E75-B251-3DB7A6C87593}.Debug|Any CPU.Build.0 = Debug|Any CPU
		{6EB5DF87-88B4-4E75-B251-3DB7A6C87593}.Release|Any CPU.ActiveCfg = Release|Any CPU
		{6EB5DF87-88B4-4E75-B251-3DB7A6C87593}.Release|Any CPU.Build.0 = Release|Any CPU
		{4C1D7A22-DB2A-4AC7-9FD7-D45181421CEC}.Debug|Any CPU.ActiveCfg = Debug|Any CPU
		{4C1D7A22-DB2A-4AC7-9FD7-D45181421CEC}.Debug|Any CPU.Build.0 = Debug|Any CPU
		{4C1D7A22-DB2A-4AC7-9FD7-D45181421CEC}.Release|Any CPU.ActiveCfg = Release|Any CPU
		{4C1D7A22-DB2A-4AC7-9FD7-D45181421CEC}.Release|Any CPU.Build.0 = Release|Any CPU
		{29D9EE30-1D48-442F-9DB5-FFD8A6CD573A}.Debug|Any CPU.ActiveCfg = Debug|Any CPU
		{29D9EE30-1D48-442F-9DB5-FFD8A6CD573A}.Debug|Any CPU.Build.0 = Debug|Any CPU
		{29D9EE30-1D48-442F-9DB5-FFD8A6CD573A}.Release|Any CPU.ActiveCfg = Release|Any CPU
		{29D9EE30-1D48-442F-9DB5-FFD8A6CD573A}.Release|Any CPU.Build.0 = Release|Any CPU
	EndGlobalSection
	GlobalSection(SolutionProperties) = preSolution
		HideSolutionNode = FALSE
	EndGlobalSection
	GlobalSection(ExtensibilityGlobals) = postSolution
		SolutionGuid = {68394A63-3338-43EB-8CF2-DF4B8B91E813}
	EndGlobalSection
EndGlobal
