
Microsoft Visual Studio Solution File, Format Version 12.00
# Visual Studio Version 17
VisualStudioVersion = 17.7.34009.444
MinimumVisualStudioVersion = 10.0.40219.1
Project("{FAE04EC0-301F-11D3-BF4B-00C04F79EFBC}") = "Calculator Program", "Calculator Program\Calculator Program.csproj", "{9604C08D-E385-4D17-B43F-76CFD2DC067F}"
EndProject
Project("{FAE04EC0-301F-11D3-BF4B-00C04F79EFBC}") = "Calculator Library", "Calculator Library\Calculator Library.csproj", "{AB7952AD-2ECA-4147-8CB6-61EF879055A0}"
EndProject
Global
	GlobalSection(SolutionConfigurationPlatforms) = preSolution
		Debug|Any CPU = Debug|Any CPU
		Release|Any CPU = Release|Any CPU
	EndGlobalSection
	GlobalSection(ProjectConfigurationPlatforms) = postSolution
		{9604C08D-E385-4D17-B43F-76CFD2DC067F}.Debug|Any CPU.ActiveCfg = Debug|Any CPU
		{9604C08D-E385-4D17-B43F-76CFD2DC067F}.Debug|Any CPU.Build.0 = Debug|Any CPU
		{9604C08D-E385-4D17-B43F-76CFD2DC067F}.Release|Any CPU.ActiveCfg = Release|Any CPU
		{9604C08D-E385-4D17-B43F-76CFD2DC067F}.Release|Any CPU.Build.0 = Release|Any CPU
		{AB7952AD-2ECA-4147-8CB6-61EF879055A0}.Debug|Any CPU.ActiveCfg = Debug|Any CPU
		{AB7952AD-2ECA-4147-8CB6-61EF879055A0}.Debug|Any CPU.Build.0 = Debug|Any CPU
		{AB7952AD-2ECA-4147-8CB6-61EF879055A0}.Release|Any CPU.ActiveCfg = Release|Any CPU
		{AB7952AD-2ECA-4147-8CB6-61EF879055A0}.Release|Any CPU.Build.0 = Release|Any CPU
	EndGlobalSection
	GlobalSection(SolutionProperties) = preSolution
		HideSolutionNode = FALSE
	EndGlobalSection
	GlobalSection(ExtensibilityGlobals) = postSolution
		SolutionGuid = {6EC2031E-8DF5-4B47-B5E3-FDA7C5E1EC63}
	EndGlobalSection
EndGlobal
